
Microsoft Visual Studio Solution File, Format Version 12.00
# Visual Studio Version 16
VisualStudioVersion = 16.0.30611.23
MinimumVisualStudioVersion = 10.0.40219.1
Project("{FAE04EC0-301F-11D3-BF4B-00C04F79EFBC}") = "HelloWorld", "HelloWorld.csproj", "{AB1D7452-3418-41BC-AC88-AE6DA381E453}"
EndProject
Global
	GlobalSection(SolutionConfigurationPlatforms) = preSolution
		Debug|Any CPU = Debug|Any CPU
		Release|Any CPU = Release|Any CPU
	EndGlobalSection
	GlobalSection(ProjectConfigurationPlatforms) = postSolution
		{AB1D7452-3418-41BC-AC88-AE6DA381E453}.Debug|Any CPU.ActiveCfg = Debug|Any CPU
		{AB1D7452-3418-41BC-AC88-AE6DA381E453}.Debug|Any CPU.Build.0 = Debug|Any CPU
		{AB1D7452-3418-41BC-AC88-AE6DA381E453}.Release|Any CPU.ActiveCfg = Release|Any CPU
		{AB1D7452-3418-41BC-AC88-AE6DA381E453}.Release|Any CPU.Build.0 = Release|Any CPU
	EndGlobalSection
	GlobalSection(SolutionProperties) = preSolution
		HideSolutionNode = FALSE
	EndGlobalSection
	GlobalSection(ExtensibilityGlobals) = postSolution
		SolutionGuid = {D165BE44-423F-4E44-B3FD-4EEB2B3CCDF0}
	EndGlobalSection
EndGlobal
